// !$*UTF8*$!
{
	archiveVersion = 1;
	classes = {
	};
	objectVersion = 77;
	objects = {

/* Begin PBXContainerItemProxy section */
		D5D8BF852DBA96AD00F8BD98 /* PBXContainerItemProxy */ = {
			isa = PBXContainerItemProxy;
			containerPortal = D5509BA82DA6BF2C00589794 /* Project object */;
			proxyType = 1;
			remoteGlobalIDString = D5509BAF2DA6BF2C00589794;
			remoteInfo = FinnovativesTeamProject;
		};
		D5D8C3202DBE7DF500F8BD98 /* PBXContainerItemProxy */ = {
			isa = PBXContainerItemProxy;
			containerPortal = D5509BA82DA6BF2C00589794 /* Project object */;
			proxyType = 1;
			remoteGlobalIDString = D5509BAF2DA6BF2C00589794;
			remoteInfo = FinnovativesTeamProject;
		};
/* End PBXContainerItemProxy section */

/* Begin PBXCopyFilesBuildPhase section */
		EF5373F42DB68867000AF3D5 /* Embed Frameworks */ = {
			isa = PBXCopyFilesBuildPhase;
			buildActionMask = 2147483647;
			dstPath = "";
			dstSubfolderSpec = 10;
			files = (
			);
			name = "Embed Frameworks";
			runOnlyForDeploymentPostprocessing = 0;
		};
/* End PBXCopyFilesBuildPhase section */

/* Begin PBXFileReference section */
		D5509BB02DA6BF2C00589794 /* FinnovativesTeamProject.app */ = {isa = PBXFileReference; explicitFileType = wrapper.application; includeInIndex = 0; path = FinnovativesTeamProject.app; sourceTree = BUILT_PRODUCTS_DIR; };
		D5D8BF812DBA96AD00F8BD98 /* FinnovativesTeamProjectTests.xctest */ = {isa = PBXFileReference; explicitFileType = wrapper.cfbundle; includeInIndex = 0; path = FinnovativesTeamProjectTests.xctest; sourceTree = BUILT_PRODUCTS_DIR; };
		D5D8C31A2DBE7DF500F8BD98 /* FinnovativesTeamProject_UITests.xctest */ = {isa = PBXFileReference; explicitFileType = wrapper.cfbundle; includeInIndex = 0; path = FinnovativesTeamProject_UITests.xctest; sourceTree = BUILT_PRODUCTS_DIR; };
/* End PBXFileReference section */

/* Begin PBXFileSystemSynchronizedBuildFileExceptionSet section */
		D5509BC22DA6BF2D00589794 /* Exceptions for "FinnovativesTeamProject" folder in "FinnovativesTeamProject" target */ = {
			isa = PBXFileSystemSynchronizedBuildFileExceptionSet;
			membershipExceptions = (
				Info.plist,
			);
			target = D5509BAF2DA6BF2C00589794 /* FinnovativesTeamProject */;
		};
/* End PBXFileSystemSynchronizedBuildFileExceptionSet section */

/* Begin PBXFileSystemSynchronizedRootGroup section */
		D5509BB22DA6BF2C00589794 /* FinnovativesTeamProject */ = {
			isa = PBXFileSystemSynchronizedRootGroup;
			exceptions = (
				D5509BC22DA6BF2D00589794 /* Exceptions for "FinnovativesTeamProject" folder in "FinnovativesTeamProject" target */,
			);
			path = FinnovativesTeamProject;
			sourceTree = "<group>";
		};
		D5D8BF822DBA96AD00F8BD98 /* FinnovativesTeamProject_UnitTests */ = {
			isa = PBXFileSystemSynchronizedRootGroup;
			path = FinnovativesTeamProject_UnitTests;
			sourceTree = "<group>";
		};
		D5D8C31B2DBE7DF500F8BD98 /* FinnovativesTeamProject_UITests */ = {
			isa = PBXFileSystemSynchronizedRootGroup;
			path = FinnovativesTeamProject_UITests;
			sourceTree = "<group>";
		};
/* End PBXFileSystemSynchronizedRootGroup section */

/* Begin PBXFrameworksBuildPhase section */
		D5509BAD2DA6BF2C00589794 /* Frameworks */ = {
			isa = PBXFrameworksBuildPhase;
			buildActionMask = 2147483647;
			files = (
			);
			runOnlyForDeploymentPostprocessing = 0;
		};
		D5D8BF7E2DBA96AD00F8BD98 /* Frameworks */ = {
			isa = PBXFrameworksBuildPhase;
			buildActionMask = 2147483647;
			files = (
			);
			runOnlyForDeploymentPostprocessing = 0;
		};
		D5D8C3172DBE7DF500F8BD98 /* Frameworks */ = {
			isa = PBXFrameworksBuildPhase;
			buildActionMask = 2147483647;
			files = (
			);
			runOnlyForDeploymentPostprocessing = 0;
		};
/* End PBXFrameworksBuildPhase section */

/* Begin PBXGroup section */
		D5509BA72DA6BF2C00589794 = {
			isa = PBXGroup;
			children = (
				D5509BB22DA6BF2C00589794 /* FinnovativesTeamProject */,
				D5D8BF822DBA96AD00F8BD98 /* FinnovativesTeamProject_UnitTests */,
				D5D8C31B2DBE7DF500F8BD98 /* FinnovativesTeamProject_UITests */,
				D5509BB12DA6BF2C00589794 /* Products */,
			);
			sourceTree = "<group>";
		};
		D5509BB12DA6BF2C00589794 /* Products */ = {
			isa = PBXGroup;
			children = (
				D5509BB02DA6BF2C00589794 /* FinnovativesTeamProject.app */,
				D5D8BF812DBA96AD00F8BD98 /* FinnovativesTeamProjectTests.xctest */,
				D5D8C31A2DBE7DF500F8BD98 /* FinnovativesTeamProject_UITests.xctest */,
			);
			name = Products;
			sourceTree = "<group>";
		};
/* End PBXGroup section */

/* Begin PBXNativeTarget section */
		D5509BAF2DA6BF2C00589794 /* FinnovativesTeamProject */ = {
			isa = PBXNativeTarget;
			buildConfigurationList = D5509BC32DA6BF2D00589794 /* Build configuration list for PBXNativeTarget "FinnovativesTeamProject" */;
			buildPhases = (
				D5509BAC2DA6BF2C00589794 /* Sources */,
				D5509BAD2DA6BF2C00589794 /* Frameworks */,
				D5509BAE2DA6BF2C00589794 /* Resources */,
				EF5373F42DB68867000AF3D5 /* Embed Frameworks */,
			);
			buildRules = (
			);
			dependencies = (
			);
			fileSystemSynchronizedGroups = (
				D5509BB22DA6BF2C00589794 /* FinnovativesTeamProject */,
			);
			name = FinnovativesTeamProject;
			packageProductDependencies = (
			);
			productName = FinnovativesTeamProject;
			productReference = D5509BB02DA6BF2C00589794 /* FinnovativesTeamProject.app */;
			productType = "com.apple.product-type.application";
		};
		D5D8BF802DBA96AD00F8BD98 /* FinnovativesTeamProjectTests */ = {
			isa = PBXNativeTarget;
			buildConfigurationList = D5D8BF872DBA96AD00F8BD98 /* Build configuration list for PBXNativeTarget "FinnovativesTeamProjectTests" */;
			buildPhases = (
				D5D8BF7D2DBA96AD00F8BD98 /* Sources */,
				D5D8BF7E2DBA96AD00F8BD98 /* Frameworks */,
				D5D8BF7F2DBA96AD00F8BD98 /* Resources */,
			);
			buildRules = (
			);
			dependencies = (
				D5D8BF862DBA96AD00F8BD98 /* PBXTargetDependency */,
			);
			fileSystemSynchronizedGroups = (
				D5D8BF822DBA96AD00F8BD98 /* FinnovativesTeamProject_UnitTests */,
			);
			name = FinnovativesTeamProjectTests;
			packageProductDependencies = (
			);
			productName = FinnovativesTeamProjectTests;
			productReference = D5D8BF812DBA96AD00F8BD98 /* FinnovativesTeamProjectTests.xctest */;
			productType = "com.apple.product-type.bundle.unit-test";
		};
		D5D8C3192DBE7DF500F8BD98 /* FinnovativesTeamProject_UITests */ = {
			isa = PBXNativeTarget;
			buildConfigurationList = D5D8C3222DBE7DF500F8BD98 /* Build configuration list for PBXNativeTarget "FinnovativesTeamProject_UITests" */;
			buildPhases = (
				D5D8C3162DBE7DF500F8BD98 /* Sources */,
				D5D8C3172DBE7DF500F8BD98 /* Frameworks */,
				D5D8C3182DBE7DF500F8BD98 /* Resources */,
			);
			buildRules = (
			);
			dependencies = (
				D5D8C3212DBE7DF500F8BD98 /* PBXTargetDependency */,
			);
			fileSystemSynchronizedGroups = (
				D5D8C31B2DBE7DF500F8BD98 /* FinnovativesTeamProject_UITests */,
			);
			name = FinnovativesTeamProject_UITests;
			packageProductDependencies = (
			);
			productName = FinnovativesTeamProject_UITests;
			productReference = D5D8C31A2DBE7DF500F8BD98 /* FinnovativesTeamProject_UITests.xctest */;
			productType = "com.apple.product-type.bundle.ui-testing";
		};
/* End PBXNativeTarget section */

/* Begin PBXProject section */
		D5509BA82DA6BF2C00589794 /* Project object */ = {
			isa = PBXProject;
			attributes = {
				BuildIndependentTargetsInParallel = 1;
				LastSwiftUpdateCheck = 1620;
				LastUpgradeCheck = 1620;
				TargetAttributes = {
					D5509BAF2DA6BF2C00589794 = {
						CreatedOnToolsVersion = 16.2;
					};
					D5D8BF802DBA96AD00F8BD98 = {
						CreatedOnToolsVersion = 16.2;
						TestTargetID = D5509BAF2DA6BF2C00589794;
					};
					D5D8C3192DBE7DF500F8BD98 = {
						CreatedOnToolsVersion = 16.2;
						TestTargetID = D5509BAF2DA6BF2C00589794;
					};
				};
			};
			buildConfigurationList = D5509BAB2DA6BF2C00589794 /* Build configuration list for PBXProject "FinnovativesTeamProject" */;
			developmentRegion = en;
			hasScannedForEncodings = 0;
			knownRegions = (
				en,
				Base,
			);
			mainGroup = D5509BA72DA6BF2C00589794;
			minimizedProjectReferenceProxies = 1;
			preferredProjectObjectVersion = 77;
			productRefGroup = D5509BB12DA6BF2C00589794 /* Products */;
			projectDirPath = "";
			projectRoot = "";
			targets = (
				D5509BAF2DA6BF2C00589794 /* FinnovativesTeamProject */,
				D5D8BF802DBA96AD00F8BD98 /* FinnovativesTeamProjectTests */,
				D5D8C3192DBE7DF500F8BD98 /* FinnovativesTeamProject_UITests */,
			);
		};
/* End PBXProject section */

/* Begin PBXResourcesBuildPhase section */
		D5509BAE2DA6BF2C00589794 /* Resources */ = {
			isa = PBXResourcesBuildPhase;
			buildActionMask = 2147483647;
			files = (
			);
			runOnlyForDeploymentPostprocessing = 0;
		};
		D5D8BF7F2DBA96AD00F8BD98 /* Resources */ = {
			isa = PBXResourcesBuildPhase;
			buildActionMask = 2147483647;
			files = (
			);
			runOnlyForDeploymentPostprocessing = 0;
		};
		D5D8C3182DBE7DF500F8BD98 /* Resources */ = {
			isa = PBXResourcesBuildPhase;
			buildActionMask = 2147483647;
			files = (
			);
			runOnlyForDeploymentPostprocessing = 0;
		};
/* End PBXResourcesBuildPhase section */

/* Begin PBXSourcesBuildPhase section */
		D5509BAC2DA6BF2C00589794 /* Sources */ = {
			isa = PBXSourcesBuildPhase;
			buildActionMask = 2147483647;
			files = (
			);
			runOnlyForDeploymentPostprocessing = 0;
		};
		D5D8BF7D2DBA96AD00F8BD98 /* Sources */ = {
			isa = PBXSourcesBuildPhase;
			buildActionMask = 2147483647;
			files = (
			);
			runOnlyForDeploymentPostprocessing = 0;
		};
		D5D8C3162DBE7DF500F8BD98 /* Sources */ = {
			isa = PBXSourcesBuildPhase;
			buildActionMask = 2147483647;
			files = (
			);
			runOnlyForDeploymentPostprocessing = 0;
		};
/* End PBXSourcesBuildPhase section */

/* Begin PBXTargetDependency section */
		D5D8BF862DBA96AD00F8BD98 /* PBXTargetDependency */ = {
			isa = PBXTargetDependency;
			target = D5509BAF2DA6BF2C00589794 /* FinnovativesTeamProject */;
			targetProxy = D5D8BF852DBA96AD00F8BD98 /* PBXContainerItemProxy */;
		};
		D5D8C3212DBE7DF500F8BD98 /* PBXTargetDependency */ = {
			isa = PBXTargetDependency;
			target = D5509BAF2DA6BF2C00589794 /* FinnovativesTeamProject */;
			targetProxy = D5D8C3202DBE7DF500F8BD98 /* PBXContainerItemProxy */;
		};
/* End PBXTargetDependency section */

/* Begin XCBuildConfiguration section */
		D5509BC42DA6BF2D00589794 /* Debug */ = {
			isa = XCBuildConfiguration;
			buildSettings = {
				ASSETCATALOG_COMPILER_APPICON_NAME = AppIcon;
				ASSETCATALOG_COMPILER_GLOBAL_ACCENT_COLOR_NAME = AccentColor;
				CODE_SIGN_ENTITLEMENTS = FinnovativesTeamProject/FinnovativesTeamProject.entitlements;
				CODE_SIGN_STYLE = Automatic;
				CURRENT_PROJECT_VERSION = 1;
				DEVELOPMENT_TEAM = 2PRTB3DVMF;
				GENERATE_INFOPLIST_FILE = YES;
				INFOPLIST_FILE = FinnovativesTeamProject/Info.plist;
				INFOPLIST_KEY_NFCReaderUsageDescription = "We need an access for NFC Scan to read from NFC tag.";
				INFOPLIST_KEY_UIApplicationSupportsIndirectInputEvents = YES;
				INFOPLIST_KEY_UILaunchStoryboardName = LaunchScreen;
				INFOPLIST_KEY_UISupportedInterfaceOrientations = UIInterfaceOrientationPortrait;
				IPHONEOS_DEPLOYMENT_TARGET = 15.0;
				LD_RUNPATH_SEARCH_PATHS = (
					"$(inherited)",
					"@executable_path/Frameworks",
				);
				MARKETING_VERSION = 1.0;
				PRODUCT_BUNDLE_IDENTIFIER = com.mekhriddin.FinnovativesProject;
				PRODUCT_NAME = "$(TARGET_NAME)";
				SUPPORTED_PLATFORMS = "iphoneos iphonesimulator";
				SUPPORTS_MACCATALYST = NO;
				SUPPORTS_XR_DESIGNED_FOR_IPHONE_IPAD = NO;
				SWIFT_EMIT_LOC_STRINGS = YES;
				SWIFT_VERSION = 5.0;
				TARGETED_DEVICE_FAMILY = "1,2";
			};
			name = Debug;
		};
		D5509BC52DA6BF2D00589794 /* Release */ = {
			isa = XCBuildConfiguration;
			buildSettings = {
				ASSETCATALOG_COMPILER_APPICON_NAME = AppIcon;
				ASSETCATALOG_COMPILER_GLOBAL_ACCENT_COLOR_NAME = AccentColor;
				CODE_SIGN_ENTITLEMENTS = FinnovativesTeamProject/FinnovativesTeamProject.entitlements;
				CODE_SIGN_STYLE = Automatic;
				CURRENT_PROJECT_VERSION = 1;
				DEVELOPMENT_TEAM = 2PRTB3DVMF;
				GENERATE_INFOPLIST_FILE = YES;
				INFOPLIST_FILE = FinnovativesTeamProject/Info.plist;
				INFOPLIST_KEY_NFCReaderUsageDescription = "We need an access for NFC Scan to read from NFC tag.";
				INFOPLIST_KEY_UIApplicationSupportsIndirectInputEvents = YES;
				INFOPLIST_KEY_UILaunchStoryboardName = LaunchScreen;
				INFOPLIST_KEY_UISupportedInterfaceOrientations = UIInterfaceOrientationPortrait;
				IPHONEOS_DEPLOYMENT_TARGET = 15.0;
				LD_RUNPATH_SEARCH_PATHS = (
					"$(inherited)",
					"@executable_path/Frameworks",
				);
				MARKETING_VERSION = 1.0;
				PRODUCT_BUNDLE_IDENTIFIER = com.mekhriddin.FinnovativesProject;
				PRODUCT_NAME = "$(TARGET_NAME)";
				SUPPORTED_PLATFORMS = "iphoneos iphonesimulator";
				SUPPORTS_MACCATALYST = NO;
				SUPPORTS_XR_DESIGNED_FOR_IPHONE_IPAD = NO;
				SWIFT_EMIT_LOC_STRINGS = YES;
				SWIFT_VERSION = 5.0;
				TARGETED_DEVICE_FAMILY = "1,2";
			};
			name = Release;
		};
		D5509BC62DA6BF2D00589794 /* Debug */ = {
			isa = XCBuildConfiguration;
			buildSettings = {
				ALWAYS_SEARCH_USER_PATHS = NO;
				ASSETCATALOG_COMPILER_GENERATE_SWIFT_ASSET_SYMBOL_EXTENSIONS = YES;
				CLANG_ANALYZER_NONNULL = YES;
				CLANG_ANALYZER_NUMBER_OBJECT_CONVERSION = YES_AGGRESSIVE;
				CLANG_CXX_LANGUAGE_STANDARD = "gnu++20";
				CLANG_ENABLE_MODULES = YES;
				CLANG_ENABLE_OBJC_ARC = YES;
				CLANG_ENABLE_OBJC_WEAK = YES;
				CLANG_WARN_BLOCK_CAPTURE_AUTORELEASING = YES;
				CLANG_WARN_BOOL_CONVERSION = YES;
				CLANG_WARN_COMMA = YES;
				CLANG_WARN_CONSTANT_CONVERSION = YES;
				CLANG_WARN_DEPRECATED_OBJC_IMPLEMENTATIONS = YES;
				CLANG_WARN_DIRECT_OBJC_ISA_USAGE = YES_ERROR;
				CLANG_WARN_DOCUMENTATION_COMMENTS = YES;
				CLANG_WARN_EMPTY_BODY = YES;
				CLANG_WARN_ENUM_CONVERSION = YES;
				CLANG_WARN_INFINITE_RECURSION = YES;
				CLANG_WARN_INT_CONVERSION = YES;
				CLANG_WARN_NON_LITERAL_NULL_CONVERSION = YES;
				CLANG_WARN_OBJC_IMPLICIT_RETAIN_SELF = YES;
				CLANG_WARN_OBJC_LITERAL_CONVERSION = YES;
				CLANG_WARN_OBJC_ROOT_CLASS = YES_ERROR;
				CLANG_WARN_QUOTED_INCLUDE_IN_FRAMEWORK_HEADER = YES;
				CLANG_WARN_RANGE_LOOP_ANALYSIS = YES;
				CLANG_WARN_STRICT_PROTOTYPES = YES;
				CLANG_WARN_SUSPICIOUS_MOVE = YES;
				CLANG_WARN_UNGUARDED_AVAILABILITY = YES_AGGRESSIVE;
				CLANG_WARN_UNREACHABLE_CODE = YES;
				CLANG_WARN__DUPLICATE_METHOD_MATCH = YES;
				COPY_PHASE_STRIP = NO;
				DEBUG_INFORMATION_FORMAT = dwarf;
				ENABLE_STRICT_OBJC_MSGSEND = YES;
				ENABLE_TESTABILITY = YES;
				ENABLE_USER_SCRIPT_SANDBOXING = YES;
				GCC_C_LANGUAGE_STANDARD = gnu17;
				GCC_DYNAMIC_NO_PIC = NO;
				GCC_NO_COMMON_BLOCKS = YES;
				GCC_OPTIMIZATION_LEVEL = 0;
				GCC_PREPROCESSOR_DEFINITIONS = (
					"DEBUG=1",
					"$(inherited)",
				);
				GCC_WARN_64_TO_32_BIT_CONVERSION = YES;
				GCC_WARN_ABOUT_RETURN_TYPE = YES_ERROR;
				GCC_WARN_UNDECLARED_SELECTOR = YES;
				GCC_WARN_UNINITIALIZED_AUTOS = YES_AGGRESSIVE;
				GCC_WARN_UNUSED_FUNCTION = YES;
				GCC_WARN_UNUSED_VARIABLE = YES;
				IPHONEOS_DEPLOYMENT_TARGET = 18.2;
				LOCALIZATION_PREFERS_STRING_CATALOGS = YES;
				MTL_ENABLE_DEBUG_INFO = INCLUDE_SOURCE;
				MTL_FAST_MATH = YES;
				ONLY_ACTIVE_ARCH = YES;
				SDKROOT = iphoneos;
				SWIFT_ACTIVE_COMPILATION_CONDITIONS = "DEBUG $(inherited)";
				SWIFT_OPTIMIZATION_LEVEL = "-Onone";
			};
			name = Debug;
		};
		D5509BC72DA6BF2D00589794 /* Release */ = {
			isa = XCBuildConfiguration;
			buildSettings = {
				ALWAYS_SEARCH_USER_PATHS = NO;
				ASSETCATALOG_COMPILER_GENERATE_SWIFT_ASSET_SYMBOL_EXTENSIONS = YES;
				CLANG_ANALYZER_NONNULL = YES;
				CLANG_ANALYZER_NUMBER_OBJECT_CONVERSION = YES_AGGRESSIVE;
				CLANG_CXX_LANGUAGE_STANDARD = "gnu++20";
				CLANG_ENABLE_MODULES = YES;
				CLANG_ENABLE_OBJC_ARC = YES;
				CLANG_ENABLE_OBJC_WEAK = YES;
				CLANG_WARN_BLOCK_CAPTURE_AUTORELEASING = YES;
				CLANG_WARN_BOOL_CONVERSION = YES;
				CLANG_WARN_COMMA = YES;
				CLANG_WARN_CONSTANT_CONVERSION = YES;
				CLANG_WARN_DEPRECATED_OBJC_IMPLEMENTATIONS = YES;
				CLANG_WARN_DIRECT_OBJC_ISA_USAGE = YES_ERROR;
				CLANG_WARN_DOCUMENTATION_COMMENTS = YES;
				CLANG_WARN_EMPTY_BODY = YES;
				CLANG_WARN_ENUM_CONVERSION = YES;
				CLANG_WARN_INFINITE_RECURSION = YES;
				CLANG_WARN_INT_CONVERSION = YES;
				CLANG_WARN_NON_LITERAL_NULL_CONVERSION = YES;
				CLANG_WARN_OBJC_IMPLICIT_RETAIN_SELF = YES;
				CLANG_WARN_OBJC_LITERAL_CONVERSION = YES;
				CLANG_WARN_OBJC_ROOT_CLASS = YES_ERROR;
				CLANG_WARN_QUOTED_INCLUDE_IN_FRAMEWORK_HEADER = YES;
				CLANG_WARN_RANGE_LOOP_ANALYSIS = YES;
				CLANG_WARN_STRICT_PROTOTYPES = YES;
				CLANG_WARN_SUSPICIOUS_MOVE = YES;
				CLANG_WARN_UNGUARDED_AVAILABILITY = YES_AGGRESSIVE;
				CLANG_WARN_UNREACHABLE_CODE = YES;
				CLANG_WARN__DUPLICATE_METHOD_MATCH = YES;
				COPY_PHASE_STRIP = NO;
				DEBUG_INFORMATION_FORMAT = "dwarf-with-dsym";
				ENABLE_NS_ASSERTIONS = NO;
				ENABLE_STRICT_OBJC_MSGSEND = YES;
				ENABLE_USER_SCRIPT_SANDBOXING = YES;
				GCC_C_LANGUAGE_STANDARD = gnu17;
				GCC_NO_COMMON_BLOCKS = YES;
				GCC_WARN_64_TO_32_BIT_CONVERSION = YES;
				GCC_WARN_ABOUT_RETURN_TYPE = YES_ERROR;
				GCC_WARN_UNDECLARED_SELECTOR = YES;
				GCC_WARN_UNINITIALIZED_AUTOS = YES_AGGRESSIVE;
				GCC_WARN_UNUSED_FUNCTION = YES;
				GCC_WARN_UNUSED_VARIABLE = YES;
				IPHONEOS_DEPLOYMENT_TARGET = 18.2;
				LOCALIZATION_PREFERS_STRING_CATALOGS = YES;
				MTL_ENABLE_DEBUG_INFO = NO;
				MTL_FAST_MATH = YES;
				SDKROOT = iphoneos;
				SWIFT_COMPILATION_MODE = wholemodule;
				VALIDATE_PRODUCT = YES;
			};
			name = Release;
		};
		D5D8BF882DBA96AD00F8BD98 /* Debug */ = {
			isa = XCBuildConfiguration;
			buildSettings = {
				BUNDLE_LOADER = "$(TEST_HOST)";
				CODE_SIGN_STYLE = Automatic;
				CURRENT_PROJECT_VERSION = 1;
				DEVELOPMENT_TEAM = 2PRTB3DVMF;
				GENERATE_INFOPLIST_FILE = YES;
				IPHONEOS_DEPLOYMENT_TARGET = 15.0;
				MARKETING_VERSION = 1.0;
				PRODUCT_BUNDLE_IDENTIFIER = com.uyguntursunov.FinnovativesTeamProjectTests;
				PRODUCT_NAME = "$(TARGET_NAME)";
				SUPPORTED_PLATFORMS = "iphoneos iphonesimulator";
				SUPPORTS_MACCATALYST = NO;
				SUPPORTS_XR_DESIGNED_FOR_IPHONE_IPAD = NO;
				SWIFT_EMIT_LOC_STRINGS = NO;
				SWIFT_VERSION = 5.0;
				TARGETED_DEVICE_FAMILY = "1,2";
				TEST_HOST = "$(BUILT_PRODUCTS_DIR)/FinnovativesTeamProject.app/$(BUNDLE_EXECUTABLE_FOLDER_PATH)/FinnovativesTeamProject";
			};
			name = Debug;
		};
		D5D8BF892DBA96AD00F8BD98 /* Release */ = {
			isa = XCBuildConfiguration;
			buildSettings = {
				BUNDLE_LOADER = "$(TEST_HOST)";
				CODE_SIGN_STYLE = Automatic;
				CURRENT_PROJECT_VERSION = 1;
				DEVELOPMENT_TEAM = 2PRTB3DVMF;
				GENERATE_INFOPLIST_FILE = YES;
				IPHONEOS_DEPLOYMENT_TARGET = 15.0;
				MARKETING_VERSION = 1.0;
				PRODUCT_BUNDLE_IDENTIFIER = com.uyguntursunov.FinnovativesTeamProjectTests;
				PRODUCT_NAME = "$(TARGET_NAME)";
				SUPPORTED_PLATFORMS = "iphoneos iphonesimulator";
				SUPPORTS_MACCATALYST = NO;
				SUPPORTS_XR_DESIGNED_FOR_IPHONE_IPAD = NO;
				SWIFT_EMIT_LOC_STRINGS = NO;
				SWIFT_VERSION = 5.0;
				TARGETED_DEVICE_FAMILY = "1,2";
				TEST_HOST = "$(BUILT_PRODUCTS_DIR)/FinnovativesTeamProject.app/$(BUNDLE_EXECUTABLE_FOLDER_PATH)/FinnovativesTeamProject";
			};
			name = Release;
		};
		D5D8C3232DBE7DF500F8BD98 /* Debug */ = {
			isa = XCBuildConfiguration;
			buildSettings = {
				CODE_SIGN_STYLE = Automatic;
				CURRENT_PROJECT_VERSION = 1;
				DEVELOPMENT_TEAM = 2PRTB3DVMF;
				GENERATE_INFOPLIST_FILE = YES;
				IPHONEOS_DEPLOYMENT_TARGET = 15.0;
				MARKETING_VERSION = 1.0;
				PRODUCT_BUNDLE_IDENTIFIER = "com.uyguntursunov.FinnovativesTeamProject-UITests";
				PRODUCT_NAME = "$(TARGET_NAME)";
				SUPPORTED_PLATFORMS = "iphoneos iphonesimulator";
				SUPPORTS_MACCATALYST = NO;
				SUPPORTS_XR_DESIGNED_FOR_IPHONE_IPAD = NO;
				SWIFT_EMIT_LOC_STRINGS = NO;
				SWIFT_VERSION = 5.0;
				TARGETED_DEVICE_FAMILY = "1,2";
				TEST_TARGET_NAME = FinnovativesTeamProject;
			};
			name = Debug;
		};
		D5D8C3242DBE7DF500F8BD98 /* Release */ = {
			isa = XCBuildConfiguration;
			buildSettings = {
				CODE_SIGN_STYLE = Automatic;
				CURRENT_PROJECT_VERSION = 1;
				DEVELOPMENT_TEAM = 2PRTB3DVMF;
				GENERATE_INFOPLIST_FILE = YES;
				IPHONEOS_DEPLOYMENT_TARGET = 15.0;
				MARKETING_VERSION = 1.0;
				PRODUCT_BUNDLE_IDENTIFIER = "com.uyguntursunov.FinnovativesTeamProject-UITests";
				PRODUCT_NAME = "$(TARGET_NAME)";
				SUPPORTED_PLATFORMS = "iphoneos iphonesimulator";
				SUPPORTS_MACCATALYST = NO;
				SUPPORTS_XR_DESIGNED_FOR_IPHONE_IPAD = NO;
				SWIFT_EMIT_LOC_STRINGS = NO;
				SWIFT_VERSION = 5.0;
				TARGETED_DEVICE_FAMILY = "1,2";
				TEST_TARGET_NAME = FinnovativesTeamProject;
			};
			name = Release;
		};
/* End XCBuildConfiguration section */

/* Begin XCConfigurationList section */
		D5509BAB2DA6BF2C00589794 /* Build configuration list for PBXProject "FinnovativesTeamProject" */ = {
			isa = XCConfigurationList;
			buildConfigurations = (
				D5509BC62DA6BF2D00589794 /* Debug */,
				D5509BC72DA6BF2D00589794 /* Release */,
			);
			defaultConfigurationIsVisible = 0;
			defaultConfigurationName = Release;
		};
		D5509BC32DA6BF2D00589794 /* Build configuration list for PBXNativeTarget "FinnovativesTeamProject" */ = {
			isa = XCConfigurationList;
			buildConfigurations = (
				D5509BC42DA6BF2D00589794 /* Debug */,
				D5509BC52DA6BF2D00589794 /* Release */,
			);
			defaultConfigurationIsVisible = 0;
			defaultConfigurationName = Release;
		};
		D5D8BF872DBA96AD00F8BD98 /* Build configuration list for PBXNativeTarget "FinnovativesTeamProjectTests" */ = {
			isa = XCConfigurationList;
			buildConfigurations = (
				D5D8BF882DBA96AD00F8BD98 /* Debug */,
				D5D8BF892DBA96AD00F8BD98 /* Release */,
			);
			defaultConfigurationIsVisible = 0;
			defaultConfigurationName = Release;
		};
		D5D8C3222DBE7DF500F8BD98 /* Build configuration list for PBXNativeTarget "FinnovativesTeamProject_UITests" */ = {
			isa = XCConfigurationList;
			buildConfigurations = (
				D5D8C3232DBE7DF500F8BD98 /* Debug */,
				D5D8C3242DBE7DF500F8BD98 /* Release */,
			);
			defaultConfigurationIsVisible = 0;
			defaultConfigurationName = Release;
		};
/* End XCConfigurationList section */
	};
	rootObject = D5509BA82DA6BF2C00589794 /* Project object */;
}
